// !$*UTF8*$!
{
	archiveVersion = 1;
	classes = {
	};
	objectVersion = 50;
	objects = {

/* Begin PBXBuildFile section */
		1107A36920C08EED003EA19A /* AppDelegate.swift in Sources */ = {isa = PBXBuildFile; fileRef = 1107A36820C08EED003EA19A /* AppDelegate.swift */; };
		1107A36B20C08EED003EA19A /* ViewController.swift in Sources */ = {isa = PBXBuildFile; fileRef = 1107A36A20C08EED003EA19A /* ViewController.swift */; };
		1107A36E20C08EED003EA19A /* Main.storyboard in Resources */ = {isa = PBXBuildFile; fileRef = 1107A36C20C08EED003EA19A /* Main.storyboard */; };
		1107A37020C08EEF003EA19A /* Assets.xcassets in Resources */ = {isa = PBXBuildFile; fileRef = 1107A36F20C08EEF003EA19A /* Assets.xcassets */; };
		1107A37320C08EEF003EA19A /* LaunchScreen.storyboard in Resources */ = {isa = PBXBuildFile; fileRef = 1107A37120C08EEF003EA19A /* LaunchScreen.storyboard */; };
		11592A3820C73DB8006DAD3A /* PlayerCell.swift in Sources */ = {isa = PBXBuildFile; fileRef = 11592A3720C73DB8006DAD3A /* PlayerCell.swift */; };
		1159691720C1743700549EA5 /* PlayersViewController.swift in Sources */ = {isa = PBXBuildFile; fileRef = 1159691620C1743700549EA5 /* PlayersViewController.swift */; };
		1159691920C1753500549EA5 /* Player.swift in Sources */ = {isa = PBXBuildFile; fileRef = 1159691820C1753500549EA5 /* Player.swift */; };
		1159691B20C1763100549EA5 /* SampleData.swift in Sources */ = {isa = PBXBuildFile; fileRef = 1159691A20C1763100549EA5 /* SampleData.swift */; };
		11A38DC520E3876D00A3E3DC /* PlayerDetailsViewController.swift in Sources */ = {isa = PBXBuildFile; fileRef = 11A38DC420E3876D00A3E3DC /* PlayerDetailsViewController.swift */; };
/* End PBXBuildFile section */

/* Begin PBXFileReference section */
		1107A36520C08EED003EA19A /* RatingsTutorial.app */ = {isa = PBXFileReference; explicitFileType = wrapper.application; includeInIndex = 0; path = RatingsTutorial.app; sourceTree = BUILT_PRODUCTS_DIR; };
		1107A36820C08EED003EA19A /* AppDelegate.swift */ = {isa = PBXFileReference; lastKnownFileType = sourcecode.swift; path = AppDelegate.swift; sourceTree = "<group>"; };
		1107A36A20C08EED003EA19A /* ViewController.swift */ = {isa = PBXFileReference; lastKnownFileType = sourcecode.swift; path = ViewController.swift; sourceTree = "<group>"; };
		1107A36D20C08EED003EA19A /* Base */ = {isa = PBXFileReference; lastKnownFileType = file.storyboard; name = Base; path = Base.lproj/Main.storyboard; sourceTree = "<group>"; };
		1107A36F20C08EEF003EA19A /* Assets.xcassets */ = {isa = PBXFileReference; lastKnownFileType = folder.assetcatalog; path = Assets.xcassets; sourceTree = "<group>"; };
		1107A37220C08EEF003EA19A /* Base */ = {isa = PBXFileReference; lastKnownFileType = file.storyboard; name = Base; path = Base.lproj/LaunchScreen.storyboard; sourceTree = "<group>"; };
		1107A37420C08EEF003EA19A /* Info.plist */ = {isa = PBXFileReference; lastKnownFileType = text.plist.xml; path = Info.plist; sourceTree = "<group>"; };
		11592A3720C73DB8006DAD3A /* PlayerCell.swift */ = {isa = PBXFileReference; lastKnownFileType = sourcecode.swift; path = PlayerCell.swift; sourceTree = "<group>"; };
		1159691620C1743700549EA5 /* PlayersViewController.swift */ = {isa = PBXFileReference; lastKnownFileType = sourcecode.swift; path = PlayersViewController.swift; sourceTree = "<group>"; };
		1159691820C1753500549EA5 /* Player.swift */ = {isa = PBXFileReference; lastKnownFileType = sourcecode.swift; path = Player.swift; sourceTree = "<group>"; };
		1159691A20C1763100549EA5 /* SampleData.swift */ = {isa = PBXFileReference; lastKnownFileType = sourcecode.swift; path = SampleData.swift; sourceTree = "<group>"; };
		11A38DC420E3876D00A3E3DC /* PlayerDetailsViewController.swift */ = {isa = PBXFileReference; lastKnownFileType = sourcecode.swift; path = PlayerDetailsViewController.swift; sourceTree = "<group>"; };
/* End PBXFileReference section */

/* Begin PBXFrameworksBuildPhase section */
		1107A36220C08EED003EA19A /* Frameworks */ = {
			isa = PBXFrameworksBuildPhase;
			buildActionMask = 2147483647;
			files = (
			);
			runOnlyForDeploymentPostprocessing = 0;
		};
/* End PBXFrameworksBuildPhase section */

/* Begin PBXGroup section */
		1107A35C20C08EED003EA19A = {
			isa = PBXGroup;
			children = (
				1107A36720C08EED003EA19A /* RatingsTutorial */,
				1107A36620C08EED003EA19A /* Products */,
			);
			sourceTree = "<group>";
		};
		1107A36620C08EED003EA19A /* Products */ = {
			isa = PBXGroup;
			children = (
				1107A36520C08EED003EA19A /* RatingsTutorial.app */,
			);
			name = Products;
			sourceTree = "<group>";
		};
		1107A36720C08EED003EA19A /* RatingsTutorial */ = {
			isa = PBXGroup;
			children = (
				1107A36820C08EED003EA19A /* AppDelegate.swift */,
				1107A36A20C08EED003EA19A /* ViewController.swift */,
				1107A36C20C08EED003EA19A /* Main.storyboard */,
				1107A36F20C08EEF003EA19A /* Assets.xcassets */,
				1107A37120C08EEF003EA19A /* LaunchScreen.storyboard */,
				1107A37420C08EEF003EA19A /* Info.plist */,
				1159691620C1743700549EA5 /* PlayersViewController.swift */,
				1159691820C1753500549EA5 /* Player.swift */,
				1159691A20C1763100549EA5 /* SampleData.swift */,
				11592A3720C73DB8006DAD3A /* PlayerCell.swift */,
				11A38DC420E3876D00A3E3DC /* PlayerDetailsViewController.swift */,
			);
			path = RatingsTutorial;
			sourceTree = "<group>";
		};
/* End PBXGroup section */

/* Begin PBXNativeTarget section */
		1107A36420C08EED003EA19A /* RatingsTutorial */ = {
			isa = PBXNativeTarget;
			buildConfigurationList = 1107A37720C08EEF003EA19A /* Build configuration list for PBXNativeTarget "RatingsTutorial" */;
			buildPhases = (
				1107A36120C08EED003EA19A /* Sources */,
				1107A36220C08EED003EA19A /* Frameworks */,
				1107A36320C08EED003EA19A /* Resources */,
			);
			buildRules = (
			);
			dependencies = (
			);
			name = RatingsTutorial;
			productName = RatingsTutorial;
			productReference = 1107A36520C08EED003EA19A /* RatingsTutorial.app */;
			productType = "com.apple.product-type.application";
		};
/* End PBXNativeTarget section */

/* Begin PBXProject section */
		1107A35D20C08EED003EA19A /* Project object */ = {
			isa = PBXProject;
			attributes = {
				LastSwiftUpdateCheck = 0930;
				LastUpgradeCheck = 0930;
				ORGANIZATIONNAME = fahri;
				TargetAttributes = {
					1107A36420C08EED003EA19A = {
						CreatedOnToolsVersion = 9.3.1;
					};
				};
			};
			buildConfigurationList = 1107A36020C08EED003EA19A /* Build configuration list for PBXProject "RatingsTutorial" */;
			compatibilityVersion = "Xcode 9.3";
			developmentRegion = en;
			hasScannedForEncodings = 0;
			knownRegions = (
				en,
				Base,
			);
			mainGroup = 1107A35C20C08EED003EA19A;
			productRefGroup = 1107A36620C08EED003EA19A /* Products */;
			projectDirPath = "";
			projectRoot = "";
			targets = (
				1107A36420C08EED003EA19A /* RatingsTutorial */,
			);
		};
/* End PBXProject section */

/* Begin PBXResourcesBuildPhase section */
		1107A36320C08EED003EA19A /* Resources */ = {
			isa = PBXResourcesBuildPhase;
			buildActionMask = 2147483647;
			files = (
				1107A37320C08EEF003EA19A /* LaunchScreen.storyboard in Resources */,
				1107A37020C08EEF003EA19A /* Assets.xcassets in Resources */,
				1107A36E20C08EED003EA19A /* Main.storyboard in Resources */,
			);
			runOnlyForDeploymentPostprocessing = 0;
		};
/* End PBXResourcesBuildPhase section */

/* Begin PBXSourcesBuildPhase section */
		1107A36120C08EED003EA19A /* Sources */ = {
			isa = PBXSourcesBuildPhase;
			buildActionMask = 2147483647;
			files = (
				11592A3820C73DB8006DAD3A /* PlayerCell.swift in Sources */,
				1159691920C1753500549EA5 /* Player.swift in Sources */,
				1107A36B20C08EED003EA19A /* ViewController.swift in Sources */,
				11A38DC520E3876D00A3E3DC /* PlayerDetailsViewController.swift in Sources */,
				1107A36920C08EED003EA19A /* AppDelegate.swift in Sources */,
				1159691B20C1763100549EA5 /* SampleData.swift in Sources */,
				1159691720C1743700549EA5 /* PlayersViewController.swift in Sources */,
			);
			runOnlyForDeploymentPostprocessing = 0;
		};
/* End PBXSourcesBuildPhase section */

/* Begin PBXVariantGroup section */
		1107A36C20C08EED003EA19A /* Main.storyboard */ = {
			isa = PBXVariantGroup;
			children = (
				1107A36D20C08EED003EA19A /* Base */,
			);
			name = Main.storyboard;
			sourceTree = "<group>";
		};
		1107A37120C08EEF003EA19A /* LaunchScreen.storyboard */ = {
			isa = PBXVariantGroup;
			children = (
				1107A37220C08EEF003EA19A /* Base */,
			);
			name = LaunchScreen.storyboard;
			sourceTree = "<group>";
		};
/* End PBXVariantGroup section */

/* Begin XCBuildConfiguration section */
		1107A37520C08EEF003EA19A /* Debug */ = {
			isa = XCBuildConfiguration;
			buildSettings = {
				ALWAYS_SEARCH_USER_PATHS = NO;
				CLANG_ANALYZER_NONNULL = YES;
				CLANG_ANALYZER_NUMBER_OBJECT_CONVERSION = YES_AGGRESSIVE;
				CLANG_CXX_LANGUAGE_STANDARD = "gnu++14";
				CLANG_CXX_LIBRARY = "libc++";
				CLANG_ENABLE_MODULES = YES;
				CLANG_ENABLE_OBJC_ARC = YES;
				CLANG_ENABLE_OBJC_WEAK = YES;
				CLANG_WARN_BLOCK_CAPTURE_AUTORELEASING = YES;
				CLANG_WARN_BOOL_CONVERSION = YES;
				CLANG_WARN_COMMA = YES;
				CLANG_WARN_CONSTANT_CONVERSION = YES;
				CLANG_WARN_DEPRECATED_OBJC_IMPLEMENTATIONS = YES;
				CLANG_WARN_DIRECT_OBJC_ISA_USAGE = YES_ERROR;
				CLANG_WARN_DOCUMENTATION_COMMENTS = YES;
				CLANG_WARN_EMPTY_BODY = YES;
				CLANG_WARN_ENUM_CONVERSION = YES;
				CLANG_WARN_INFINITE_RECURSION = YES;
				CLANG_WARN_INT_CONVERSION = YES;
				CLANG_WARN_NON_LITERAL_NULL_CONVERSION = YES;
				CLANG_WARN_OBJC_IMPLICIT_RETAIN_SELF = YES;
				CLANG_WARN_OBJC_LITERAL_CONVERSION = YES;
				CLANG_WARN_OBJC_ROOT_CLASS = YES_ERROR;
				CLANG_WARN_RANGE_LOOP_ANALYSIS = YES;
				CLANG_WARN_STRICT_PROTOTYPES = YES;
				CLANG_WARN_SUSPICIOUS_MOVE = YES;
				CLANG_WARN_UNGUARDED_AVAILABILITY = YES_AGGRESSIVE;
				CLANG_WARN_UNREACHABLE_CODE = YES;
				CLANG_WARN__DUPLICATE_METHOD_MATCH = YES;
				CODE_SIGN_IDENTITY = "iPhone Developer";
				COPY_PHASE_STRIP = NO;
				DEBUG_INFORMATION_FORMAT = dwarf;
				ENABLE_STRICT_OBJC_MSGSEND = YES;
				ENABLE_TESTABILITY = YES;
				GCC_C_LANGUAGE_STANDARD = gnu11;
				GCC_DYNAMIC_NO_PIC = NO;
				GCC_NO_COMMON_BLOCKS = YES;
				GCC_OPTIMIZATION_LEVEL = 0;
				GCC_PREPROCESSOR_DEFINITIONS = (
					"DEBUG=1",
					"$(inherited)",
				);
				GCC_WARN_64_TO_32_BIT_CONVERSION = YES;
				GCC_WARN_ABOUT_RETURN_TYPE = YES_ERROR;
				GCC_WARN_UNDECLARED_SELECTOR = YES;
				GCC_WARN_UNINITIALIZED_AUTOS = YES_AGGRESSIVE;
				GCC_WARN_UNUSED_FUNCTION = YES;
				GCC_WARN_UNUSED_VARIABLE = YES;
				IPHONEOS_DEPLOYMENT_TARGET = 11.3;
				MTL_ENABLE_DEBUG_INFO = YES;
				ONLY_ACTIVE_ARCH = YES;
				SDKROOT = iphoneos;
				SWIFT_ACTIVE_COMPILATION_CONDITIONS = DEBUG;
				SWIFT_OPTIMIZATION_LEVEL = "-Onone";
			};
			name = Debug;
		};
		1107A37620C08EEF003EA19A /* Release */ = {
			isa = XCBuildConfiguration;
			buildSettings = {
				ALWAYS_SEARCH_USER_PATHS = NO;
				CLANG_ANALYZER_NONNULL = YES;
				CLANG_ANALYZER_NUMBER_OBJECT_CONVERSION = YES_AGGRESSIVE;
				CLANG_CXX_LANGUAGE_STANDARD = "gnu++14";
				CLANG_CXX_LIBRARY = "libc++";
				CLANG_ENABLE_MODULES = YES;
				CLANG_ENABLE_OBJC_ARC = YES;
				CLANG_ENABLE_OBJC_WEAK = YES;
				CLANG_WARN_BLOCK_CAPTURE_AUTORELEASING = YES;
				CLANG_WARN_BOOL_CONVERSION = YES;
				CLANG_WARN_COMMA = YES;
				CLANG_WARN_CONSTANT_CONVERSION = YES;
				CLANG_WARN_DEPRECATED_OBJC_IMPLEMENTATIONS = YES;
				CLANG_WARN_DIRECT_OBJC_ISA_USAGE = YES_ERROR;
				CLANG_WARN_DOCUMENTATION_COMMENTS = YES;
				CLANG_WARN_EMPTY_BODY = YES;
				CLANG_WARN_ENUM_CONVERSION = YES;
				CLANG_WARN_INFINITE_RECURSION = YES;
				CLANG_WARN_INT_CONVERSION = YES;
				CLANG_WARN_NON_LITERAL_NULL_CONVERSION = YES;
				CLANG_WARN_OBJC_IMPLICIT_RETAIN_SELF = YES;
				CLANG_WARN_OBJC_LITERAL_CONVERSION = YES;
				CLANG_WARN_OBJC_ROOT_CLASS = YES_ERROR;
				CLANG_WARN_RANGE_LOOP_ANALYSIS = YES;
				CLANG_WARN_STRICT_PROTOTYPES = YES;
				CLANG_WARN_SUSPICIOUS_MOVE = YES;
				CLANG_WARN_UNGUARDED_AVAILABILITY = YES_AGGRESSIVE;
				CLANG_WARN_UNREACHABLE_CODE = YES;
				CLANG_WARN__DUPLICATE_METHOD_MATCH = YES;
				CODE_SIGN_IDENTITY = "iPhone Developer";
				COPY_PHASE_STRIP = NO;
				DEBUG_INFORMATION_FORMAT = "dwarf-with-dsym";
				ENABLE_NS_ASSERTIONS = NO;
				ENABLE_STRICT_OBJC_MSGSEND = YES;
				GCC_C_LANGUAGE_STANDARD = gnu11;
				GCC_NO_COMMON_BLOCKS = YES;
				GCC_WARN_64_TO_32_BIT_CONVERSION = YES;
				GCC_WARN_ABOUT_RETURN_TYPE = YES_ERROR;
				GCC_WARN_UNDECLARED_SELECTOR = YES;
				GCC_WARN_UNINITIALIZED_AUTOS = YES_AGGRESSIVE;
				GCC_WARN_UNUSED_FUNCTION = YES;
				GCC_WARN_UNUSED_VARIABLE = YES;
				IPHONEOS_DEPLOYMENT_TARGET = 11.3;
				MTL_ENABLE_DEBUG_INFO = NO;
				SDKROOT = iphoneos;
				SWIFT_COMPILATION_MODE = wholemodule;
				SWIFT_OPTIMIZATION_LEVEL = "-O";
				VALIDATE_PRODUCT = YES;
			};
			name = Release;
		};
		1107A37820C08EEF003EA19A /* Debug */ = {
			isa = XCBuildConfiguration;
			buildSettings = {
				ASSETCATALOG_COMPILER_APPICON_NAME = AppIcon;
				CODE_SIGN_STYLE = Automatic;
				INFOPLIST_FILE = RatingsTutorial/Info.plist;
				LD_RUNPATH_SEARCH_PATHS = (
					"$(inherited)",
					"@executable_path/Frameworks",
				);
				PRODUCT_BUNDLE_IDENTIFIER = at.fahri.RatingsTutorial;
				PRODUCT_NAME = "$(TARGET_NAME)";
				SWIFT_VERSION = 4.0;
				TARGETED_DEVICE_FAMILY = 1;
			};
			name = Debug;
		};
		1107A37920C08EEF003EA19A /* Release */ = {
			isa = XCBuildConfiguration;
			buildSettings = {
				ASSETCATALOG_COMPILER_APPICON_NAME = AppIcon;
				CODE_SIGN_STYLE = Automatic;
				INFOPLIST_FILE = RatingsTutorial/Info.plist;
				LD_RUNPATH_SEARCH_PATHS = (
					"$(inherited)",
					"@executable_path/Frameworks",
				);
				PRODUCT_BUNDLE_IDENTIFIER = at.fahri.RatingsTutorial;
				PRODUCT_NAME = "$(TARGET_NAME)";
				SWIFT_VERSION = 4.0;
				TARGETED_DEVICE_FAMILY = 1;
			};
			name = Release;
		};
/* End XCBuildConfiguration section */

/* Begin XCConfigurationList section */
		1107A36020C08EED003EA19A /* Build configuration list for PBXProject "RatingsTutorial" */ = {
			isa = XCConfigurationList;
			buildConfigurations = (
				1107A37520C08EEF003EA19A /* Debug */,
				1107A37620C08EEF003EA19A /* Release */,
			);
			defaultConfigurationIsVisible = 0;
			defaultConfigurationName = Release;
		};
		1107A37720C08EEF003EA19A /* Build configuration list for PBXNativeTarget "RatingsTutorial" */ = {
			isa = XCConfigurationList;
			buildConfigurations = (
				1107A37820C08EEF003EA19A /* Debug */,
				1107A37920C08EEF003EA19A /* Release */,
			);
			defaultConfigurationIsVisible = 0;
			defaultConfigurationName = Release;
		};
/* End XCConfigurationList section */
	};
	rootObject = 1107A35D20C08EED003EA19A /* Project object */;
}
